// !$*UTF8*$!
{
	archiveVersion = 1;
	classes = {
	};
	objectVersion = 46;
	objects = {

/* Begin PBXBuildFile section */
		C84962D91E624AC900EF607C /* AppDelegate.swift in Sources */ = {isa = PBXBuildFile; fileRef = C84962D81E624AC900EF607C /* AppDelegate.swift */; };
		C84962DE1E624AC900EF607C /* Main.storyboard in Resources */ = {isa = PBXBuildFile; fileRef = C84962DC1E624AC900EF607C /* Main.storyboard */; };
		C84962E01E624AC900EF607C /* Assets.xcassets in Resources */ = {isa = PBXBuildFile; fileRef = C84962DF1E624AC900EF607C /* Assets.xcassets */; };
		C84962E31E624AC900EF607C /* LaunchScreen.storyboard in Resources */ = {isa = PBXBuildFile; fileRef = C84962E11E624AC900EF607C /* LaunchScreen.storyboard */; };
		C84962EC1E624BAD00EF607C /* CardView.swift in Sources */ = {isa = PBXBuildFile; fileRef = C84962EB1E624BAD00EF607C /* CardView.swift */; };
		C84962EE1E62552F00EF607C /* Ref.swift in Sources */ = {isa = PBXBuildFile; fileRef = C84962ED1E62552F00EF607C /* Ref.swift */; };
		C84962F01E625D5D00EF607C /* SwipeView.swift in Sources */ = {isa = PBXBuildFile; fileRef = C84962EF1E625D5D00EF607C /* SwipeView.swift */; };
		C84962F21E6368DF00EF607C /* CardsViewController.swift in Sources */ = {isa = PBXBuildFile; fileRef = C84962F11E6368DF00EF607C /* CardsViewController.swift */; };
		C84962F41E6513B500EF607C /* StackView.swift in Sources */ = {isa = PBXBuildFile; fileRef = C84962F31E6513B500EF607C /* StackView.swift */; };
/* End PBXBuildFile section */

/* Begin PBXFileReference section */
		C84962D51E624AC900EF607C /* Spark.app */ = {isa = PBXFileReference; explicitFileType = wrapper.application; includeInIndex = 0; path = Spark.app; sourceTree = BUILT_PRODUCTS_DIR; };
		C84962D81E624AC900EF607C /* AppDelegate.swift */ = {isa = PBXFileReference; lastKnownFileType = sourcecode.swift; path = AppDelegate.swift; sourceTree = "<group>"; };
		C84962DD1E624AC900EF607C /* Base */ = {isa = PBXFileReference; lastKnownFileType = file.storyboard; name = Base; path = Base.lproj/Main.storyboard; sourceTree = "<group>"; };
		C84962DF1E624AC900EF607C /* Assets.xcassets */ = {isa = PBXFileReference; lastKnownFileType = folder.assetcatalog; path = Assets.xcassets; sourceTree = "<group>"; };
		C84962E21E624AC900EF607C /* Base */ = {isa = PBXFileReference; lastKnownFileType = file.storyboard; name = Base; path = Base.lproj/LaunchScreen.storyboard; sourceTree = "<group>"; };
		C84962E41E624AC900EF607C /* Info.plist */ = {isa = PBXFileReference; lastKnownFileType = text.plist.xml; path = Info.plist; sourceTree = "<group>"; };
		C84962EB1E624BAD00EF607C /* CardView.swift */ = {isa = PBXFileReference; fileEncoding = 4; lastKnownFileType = sourcecode.swift; path = CardView.swift; sourceTree = "<group>"; };
		C84962ED1E62552F00EF607C /* Ref.swift */ = {isa = PBXFileReference; fileEncoding = 4; lastKnownFileType = sourcecode.swift; path = Ref.swift; sourceTree = "<group>"; };
		C84962EF1E625D5D00EF607C /* SwipeView.swift */ = {isa = PBXFileReference; fileEncoding = 4; lastKnownFileType = sourcecode.swift; path = SwipeView.swift; sourceTree = "<group>"; };
		C84962F11E6368DF00EF607C /* CardsViewController.swift */ = {isa = PBXFileReference; fileEncoding = 4; lastKnownFileType = sourcecode.swift; path = CardsViewController.swift; sourceTree = "<group>"; };
		C84962F31E6513B500EF607C /* StackView.swift */ = {isa = PBXFileReference; fileEncoding = 4; lastKnownFileType = sourcecode.swift; path = StackView.swift; sourceTree = "<group>"; };
/* End PBXFileReference section */

/* Begin PBXFrameworksBuildPhase section */
		C84962D21E624AC900EF607C /* Frameworks */ = {
			isa = PBXFrameworksBuildPhase;
			buildActionMask = 2147483647;
			files = (
			);
			runOnlyForDeploymentPostprocessing = 0;
		};
/* End PBXFrameworksBuildPhase section */

/* Begin PBXGroup section */
		C84962CC1E624AC900EF607C = {
			isa = PBXGroup;
			children = (
				C84962D71E624AC900EF607C /* Spark */,
				C84962D61E624AC900EF607C /* Products */,
			);
			sourceTree = "<group>";
		};
		C84962D61E624AC900EF607C /* Products */ = {
			isa = PBXGroup;
			children = (
				C84962D51E624AC900EF607C /* Spark.app */,
			);
			name = Products;
			sourceTree = "<group>";
		};
		C84962D71E624AC900EF607C /* Spark */ = {
			isa = PBXGroup;
			children = (
				C84962EB1E624BAD00EF607C /* CardView.swift */,
				C84962EF1E625D5D00EF607C /* SwipeView.swift */,
				C84962F31E6513B500EF607C /* StackView.swift */,
				C84962D81E624AC900EF607C /* AppDelegate.swift */,
				C84962DC1E624AC900EF607C /* Main.storyboard */,
				C84962F11E6368DF00EF607C /* CardsViewController.swift */,
				C84962ED1E62552F00EF607C /* Ref.swift */,
				C84962DF1E624AC900EF607C /* Assets.xcassets */,
				C84962E11E624AC900EF607C /* LaunchScreen.storyboard */,
				C84962E41E624AC900EF607C /* Info.plist */,
			);
			path = Spark;
			sourceTree = "<group>";
		};
/* End PBXGroup section */

/* Begin PBXNativeTarget section */
		C84962D41E624AC900EF607C /* Spark */ = {
			isa = PBXNativeTarget;
			buildConfigurationList = C84962E71E624AC900EF607C /* Build configuration list for PBXNativeTarget "Spark" */;
			buildPhases = (
				C84962D11E624AC900EF607C /* Sources */,
				C84962D21E624AC900EF607C /* Frameworks */,
				C84962D31E624AC900EF607C /* Resources */,
			);
			buildRules = (
			);
			dependencies = (
			);
			name = Spark;
			productName = Spark;
			productReference = C84962D51E624AC900EF607C /* Spark.app */;
			productType = "com.apple.product-type.application";
		};
/* End PBXNativeTarget section */

/* Begin PBXProject section */
		C84962CD1E624AC900EF607C /* Project object */ = {
			isa = PBXProject;
			attributes = {
				LastSwiftUpdateCheck = 0820;
				LastUpgradeCheck = 0820;
				ORGANIZATIONNAME = "Jason Yang";
				TargetAttributes = {
					C84962D41E624AC900EF607C = {
						CreatedOnToolsVersion = 8.2.1;
						DevelopmentTeam = GU34HPM3A3;
						ProvisioningStyle = Automatic;
					};
				};
			};
			buildConfigurationList = C84962D01E624AC900EF607C /* Build configuration list for PBXProject "Spark" */;
			compatibilityVersion = "Xcode 3.2";
			developmentRegion = English;
			hasScannedForEncodings = 0;
			knownRegions = (
				en,
				Base,
			);
			mainGroup = C84962CC1E624AC900EF607C;
			productRefGroup = C84962D61E624AC900EF607C /* Products */;
			projectDirPath = "";
			projectRoot = "";
			targets = (
				C84962D41E624AC900EF607C /* Spark */,
			);
		};
/* End PBXProject section */

/* Begin PBXResourcesBuildPhase section */
		C84962D31E624AC900EF607C /* Resources */ = {
			isa = PBXResourcesBuildPhase;
			buildActionMask = 2147483647;
			files = (
				C84962E31E624AC900EF607C /* LaunchScreen.storyboard in Resources */,
				C84962E01E624AC900EF607C /* Assets.xcassets in Resources */,
				C84962DE1E624AC900EF607C /* Main.storyboard in Resources */,
			);
			runOnlyForDeploymentPostprocessing = 0;
		};
/* End PBXResourcesBuildPhase section */

/* Begin PBXSourcesBuildPhase section */
		C84962D11E624AC900EF607C /* Sources */ = {
			isa = PBXSourcesBuildPhase;
			buildActionMask = 2147483647;
			files = (
				C84962EC1E624BAD00EF607C /* CardView.swift in Sources */,
				C84962F01E625D5D00EF607C /* SwipeView.swift in Sources */,
				C84962F21E6368DF00EF607C /* CardsViewController.swift in Sources */,
				C84962D91E624AC900EF607C /* AppDelegate.swift in Sources */,
				C84962EE1E62552F00EF607C /* Ref.swift in Sources */,
				C84962F41E6513B500EF607C /* StackView.swift in Sources */,
			);
			runOnlyForDeploymentPostprocessing = 0;
		};
/* End PBXSourcesBuildPhase section */

/* Begin PBXVariantGroup section */
		C84962DC1E624AC900EF607C /* Main.storyboard */ = {
			isa = PBXVariantGroup;
			children = (
				C84962DD1E624AC900EF607C /* Base */,
			);
			name = Main.storyboard;
			sourceTree = "<group>";
		};
		C84962E11E624AC900EF607C /* LaunchScreen.storyboard */ = {
			isa = PBXVariantGroup;
			children = (
				C84962E21E624AC900EF607C /* Base */,
			);
			name = LaunchScreen.storyboard;
			sourceTree = "<group>";
		};
/* End PBXVariantGroup section */

/* Begin XCBuildConfiguration section */
		C84962E51E624AC900EF607C /* Debug */ = {
			isa = XCBuildConfiguration;
			buildSettings = {
				ALWAYS_SEARCH_USER_PATHS = NO;
				CLANG_ANALYZER_NONNULL = YES;
				CLANG_CXX_LANGUAGE_STANDARD = "gnu++0x";
				CLANG_CXX_LIBRARY = "libc++";
				CLANG_ENABLE_MODULES = YES;
				CLANG_ENABLE_OBJC_ARC = YES;
				CLANG_WARN_BOOL_CONVERSION = YES;
				CLANG_WARN_CONSTANT_CONVERSION = YES;
				CLANG_WARN_DIRECT_OBJC_ISA_USAGE = YES_ERROR;
				CLANG_WARN_DOCUMENTATION_COMMENTS = YES;
				CLANG_WARN_EMPTY_BODY = YES;
				CLANG_WARN_ENUM_CONVERSION = YES;
				CLANG_WARN_INFINITE_RECURSION = YES;
				CLANG_WARN_INT_CONVERSION = YES;
				CLANG_WARN_OBJC_ROOT_CLASS = YES_ERROR;
				CLANG_WARN_SUSPICIOUS_MOVE = YES;
				CLANG_WARN_UNREACHABLE_CODE = YES;
				CLANG_WARN__DUPLICATE_METHOD_MATCH = YES;
				"CODE_SIGN_IDENTITY[sdk=iphoneos*]" = "iPhone Developer";
				COPY_PHASE_STRIP = NO;
				DEBUG_INFORMATION_FORMAT = dwarf;
				ENABLE_STRICT_OBJC_MSGSEND = YES;
				ENABLE_TESTABILITY = YES;
				GCC_C_LANGUAGE_STANDARD = gnu99;
				GCC_DYNAMIC_NO_PIC = NO;
				GCC_NO_COMMON_BLOCKS = YES;
				GCC_OPTIMIZATION_LEVEL = 0;
				GCC_PREPROCESSOR_DEFINITIONS = (
					"DEBUG=1",
					"$(inherited)",
				);
				GCC_WARN_64_TO_32_BIT_CONVERSION = YES;
				GCC_WARN_ABOUT_RETURN_TYPE = YES_ERROR;
				GCC_WARN_UNDECLARED_SELECTOR = YES;
				GCC_WARN_UNINITIALIZED_AUTOS = YES_AGGRESSIVE;
				GCC_WARN_UNUSED_FUNCTION = YES;
				GCC_WARN_UNUSED_VARIABLE = YES;
				IPHONEOS_DEPLOYMENT_TARGET = 10.2;
				MTL_ENABLE_DEBUG_INFO = YES;
				ONLY_ACTIVE_ARCH = YES;
				SDKROOT = iphoneos;
				SWIFT_ACTIVE_COMPILATION_CONDITIONS = DEBUG;
				SWIFT_OPTIMIZATION_LEVEL = "-Onone";
				TARGETED_DEVICE_FAMILY = "1,2";
			};
			name = Debug;
		};
		C84962E61E624AC900EF607C /* Release */ = {
			isa = XCBuildConfiguration;
			buildSettings = {
				ALWAYS_SEARCH_USER_PATHS = NO;
				CLANG_ANALYZER_NONNULL = YES;
				CLANG_CXX_LANGUAGE_STANDARD = "gnu++0x";
				CLANG_CXX_LIBRARY = "libc++";
				CLANG_ENABLE_MODULES = YES;
				CLANG_ENABLE_OBJC_ARC = YES;
				CLANG_WARN_BOOL_CONVERSION = YES;
				CLANG_WARN_CONSTANT_CONVERSION = YES;
				CLANG_WARN_DIRECT_OBJC_ISA_USAGE = YES_ERROR;
				CLANG_WARN_DOCUMENTATION_COMMENTS = YES;
				CLANG_WARN_EMPTY_BODY = YES;
				CLANG_WARN_ENUM_CONVERSION = YES;
				CLANG_WARN_INFINITE_RECURSION = YES;
				CLANG_WARN_INT_CONVERSION = YES;
				CLANG_WARN_OBJC_ROOT_CLASS = YES_ERROR;
				CLANG_WARN_SUSPICIOUS_MOVE = YES;
				CLANG_WARN_UNREACHABLE_CODE = YES;
				CLANG_WARN__DUPLICATE_METHOD_MATCH = YES;
				"CODE_SIGN_IDENTITY[sdk=iphoneos*]" = "iPhone Developer";
				COPY_PHASE_STRIP = NO;
				DEBUG_INFORMATION_FORMAT = "dwarf-with-dsym";
				ENABLE_NS_ASSERTIONS = NO;
				ENABLE_STRICT_OBJC_MSGSEND = YES;
				GCC_C_LANGUAGE_STANDARD = gnu99;
				GCC_NO_COMMON_BLOCKS = YES;
				GCC_WARN_64_TO_32_BIT_CONVERSION = YES;
				GCC_WARN_ABOUT_RETURN_TYPE = YES_ERROR;
				GCC_WARN_UNDECLARED_SELECTOR = YES;
				GCC_WARN_UNINITIALIZED_AUTOS = YES_AGGRESSIVE;
				GCC_WARN_UNUSED_FUNCTION = YES;
				GCC_WARN_UNUSED_VARIABLE = YES;
				IPHONEOS_DEPLOYMENT_TARGET = 10.2;
				MTL_ENABLE_DEBUG_INFO = NO;
				SDKROOT = iphoneos;
				SWIFT_OPTIMIZATION_LEVEL = "-Owholemodule";
				TARGETED_DEVICE_FAMILY = "1,2";
				VALIDATE_PRODUCT = YES;
			};
			name = Release;
		};
		C84962E81E624AC900EF607C /* Debug */ = {
			isa = XCBuildConfiguration;
			buildSettings = {
				ASSETCATALOG_COMPILER_APPICON_NAME = AppIcon;
				DEVELOPMENT_TEAM = GU34HPM3A3;
				INFOPLIST_FILE = Spark/Info.plist;
				LD_RUNPATH_SEARCH_PATHS = "$(inherited) @executable_path/Frameworks";
				PRODUCT_BUNDLE_IDENTIFIER = io.bitfountain.Spark;
				PRODUCT_NAME = "$(TARGET_NAME)";
				SWIFT_VERSION = 3.0;
			};
			name = Debug;
		};
		C84962E91E624AC900EF607C /* Release */ = {
			isa = XCBuildConfiguration;
			buildSettings = {
				ASSETCATALOG_COMPILER_APPICON_NAME = AppIcon;
				DEVELOPMENT_TEAM = GU34HPM3A3;
				INFOPLIST_FILE = Spark/Info.plist;
				LD_RUNPATH_SEARCH_PATHS = "$(inherited) @executable_path/Frameworks";
				PRODUCT_BUNDLE_IDENTIFIER = io.bitfountain.Spark;
				PRODUCT_NAME = "$(TARGET_NAME)";
				SWIFT_VERSION = 3.0;
			};
			name = Release;
		};
/* End XCBuildConfiguration section */

/* Begin XCConfigurationList section */
		C84962D01E624AC900EF607C /* Build configuration list for PBXProject "Spark" */ = {
			isa = XCConfigurationList;
			buildConfigurations = (
				C84962E51E624AC900EF607C /* Debug */,
				C84962E61E624AC900EF607C /* Release */,
			);
			defaultConfigurationIsVisible = 0;
			defaultConfigurationName = Release;
		};
		C84962E71E624AC900EF607C /* Build configuration list for PBXNativeTarget "Spark" */ = {
			isa = XCConfigurationList;
			buildConfigurations = (
				C84962E81E624AC900EF607C /* Debug */,
				C84962E91E624AC900EF607C /* Release */,
			);
			defaultConfigurationIsVisible = 0;
		};
/* End XCConfigurationList section */
	};
	rootObject = C84962CD1E624AC900EF607C /* Project object */;
}
